
Microsoft Visual Studio Solution File, Format Version 12.00
# Visual Studio Version 17
VisualStudioVersion = 17.1.32421.90
MinimumVisualStudioVersion = 10.0.40219.1
Project("{9A19103F-16F7-4668-BE54-9A1E7A4F7556}") = "API", "API\API.csproj", "{9ADC2D4E-E9C0-41D1-8E78-6D54BF5DA55C}"
EndProject
Project("{9A19103F-16F7-4668-BE54-9A1E7A4F7556}") = "UI", "UI\UI.csproj", "{86C8A8BB-9DF1-4FB5-AC5D-2AAD841FCEE6}"
EndProject
Global
	GlobalSection(SolutionConfigurationPlatforms) = preSolution
		Debug|Any CPU = Debug|Any CPU
		Release|Any CPU = Release|Any CPU
	EndGlobalSection
	GlobalSection(ProjectConfigurationPlatforms) = postSolution
		{9ADC2D4E-E9C0-41D1-8E78-6D54BF5DA55C}.Debug|Any CPU.ActiveCfg = Debug|Any CPU
		{9ADC2D4E-E9C0-41D1-8E78-6D54BF5DA55C}.Debug|Any CPU.Build.0 = Debug|Any CPU
		{9ADC2D4E-E9C0-41D1-8E78-6D54BF5DA55C}.Release|Any CPU.ActiveCfg = Release|Any CPU
		{9ADC2D4E-E9C0-41D1-8E78-6D54BF5DA55C}.Release|Any CPU.Build.0 = Release|Any CPU
		{86C8A8BB-9DF1-4FB5-AC5D-2AAD841FCEE6}.Debug|Any CPU.ActiveCfg = Debug|Any CPU
		{86C8A8BB-9DF1-4FB5-AC5D-2AAD841FCEE6}.Debug|Any CPU.Build.0 = Debug|Any CPU
		{86C8A8BB-9DF1-4FB5-AC5D-2AAD841FCEE6}.Release|Any CPU.ActiveCfg = Release|Any CPU
		{86C8A8BB-9DF1-4FB5-AC5D-2AAD841FCEE6}.Release|Any CPU.Build.0 = Release|Any CPU
	EndGlobalSection
	GlobalSection(SolutionProperties) = preSolution
		HideSolutionNode = FALSE
	EndGlobalSection
	GlobalSection(ExtensibilityGlobals) = postSolution
		SolutionGuid = {F29BB411-17E0-48ED-8A44-C1B954592482}
	EndGlobalSection
EndGlobal
